// !$*UTF8*$!
{
	archiveVersion = 1;
	classes = {
	};
	objectVersion = 50;
	objects = {

/* Begin PBXBuildFile section */
		135EEE44278A6C5700F4BDAD /* AppDelegate.swift in Sources */ = {isa = PBXBuildFile; fileRef = 135EEE43278A6C5700F4BDAD /* AppDelegate.swift */; };
		135EEE46278A6C5700F4BDAD /* SceneDelegate.swift in Sources */ = {isa = PBXBuildFile; fileRef = 135EEE45278A6C5700F4BDAD /* SceneDelegate.swift */; };
		135EEE48278A6C5700F4BDAD /* RegistroViewController.swift in Sources */ = {isa = PBXBuildFile; fileRef = 135EEE47278A6C5700F4BDAD /* RegistroViewController.swift */; };
		135EEE4B278A6C5700F4BDAD /* Main.storyboard in Resources */ = {isa = PBXBuildFile; fileRef = 135EEE49278A6C5700F4BDAD /* Main.storyboard */; };
		135EEE4D278A6C5900F4BDAD /* Assets.xcassets in Resources */ = {isa = PBXBuildFile; fileRef = 135EEE4C278A6C5900F4BDAD /* Assets.xcassets */; };
		135EEE50278A6C5900F4BDAD /* LaunchScreen.storyboard in Resources */ = {isa = PBXBuildFile; fileRef = 135EEE4E278A6C5900F4BDAD /* LaunchScreen.storyboard */; };
		135EEE5A278A8BD800F4BDAD /* movies.json in Resources */ = {isa = PBXBuildFile; fileRef = 135EEE59278A8BD800F4BDAD /* movies.json */; };
		1384A803278B5C3C0050DB64 /* RegistrosTableViewController.swift in Sources */ = {isa = PBXBuildFile; fileRef = 1384A802278B5C3C0050DB64 /* RegistrosTableViewController.swift */; };
		1384A807278B81330050DB64 /* RegistroTableViewCell.swift in Sources */ = {isa = PBXBuildFile; fileRef = 1384A806278B81330050DB64 /* RegistroTableViewCell.swift */; };
		1384A80C278BC1670050DB64 /* RegistroFormViewController.swift in Sources */ = {isa = PBXBuildFile; fileRef = 1384A80B278BC1670050DB64 /* RegistroFormViewController.swift */; };
		1384A811278BC90B0050DB64 /* ajudacidadao.xcdatamodeld in Sources */ = {isa = PBXBuildFile; fileRef = 1384A80F278BC90B0050DB64 /* ajudacidadao.xcdatamodeld */; };
		1384A81B278BD7F60050DB64 /* UIViewController+Context.swift in Sources */ = {isa = PBXBuildFile; fileRef = 1384A81A278BD7F60050DB64 /* UIViewController+Context.swift */; };
/* End PBXBuildFile section */

/* Begin PBXFileReference section */
		135EEE40278A6C5700F4BDAD /* ajudacidadao.app */ = {isa = PBXFileReference; explicitFileType = wrapper.application; includeInIndex = 0; path = ajudacidadao.app; sourceTree = BUILT_PRODUCTS_DIR; };
		135EEE43278A6C5700F4BDAD /* AppDelegate.swift */ = {isa = PBXFileReference; lastKnownFileType = sourcecode.swift; path = AppDelegate.swift; sourceTree = "<group>"; };
		135EEE45278A6C5700F4BDAD /* SceneDelegate.swift */ = {isa = PBXFileReference; lastKnownFileType = sourcecode.swift; path = SceneDelegate.swift; sourceTree = "<group>"; };
		135EEE47278A6C5700F4BDAD /* RegistroViewController.swift */ = {isa = PBXFileReference; lastKnownFileType = sourcecode.swift; path = RegistroViewController.swift; sourceTree = "<group>"; };
		135EEE4A278A6C5700F4BDAD /* Base */ = {isa = PBXFileReference; lastKnownFileType = file.storyboard; name = Base; path = Base.lproj/Main.storyboard; sourceTree = "<group>"; };
		135EEE4C278A6C5900F4BDAD /* Assets.xcassets */ = {isa = PBXFileReference; lastKnownFileType = folder.assetcatalog; path = Assets.xcassets; sourceTree = "<group>"; };
		135EEE4F278A6C5900F4BDAD /* Base */ = {isa = PBXFileReference; lastKnownFileType = file.storyboard; name = Base; path = Base.lproj/LaunchScreen.storyboard; sourceTree = "<group>"; };
		135EEE51278A6C5900F4BDAD /* Info.plist */ = {isa = PBXFileReference; lastKnownFileType = text.plist.xml; path = Info.plist; sourceTree = "<group>"; };
		135EEE59278A8BD800F4BDAD /* movies.json */ = {isa = PBXFileReference; fileEncoding = 4; lastKnownFileType = text.json; path = movies.json; sourceTree = "<group>"; };
		1384A802278B5C3C0050DB64 /* RegistrosTableViewController.swift */ = {isa = PBXFileReference; lastKnownFileType = sourcecode.swift; path = RegistrosTableViewController.swift; sourceTree = "<group>"; };
		1384A806278B81330050DB64 /* RegistroTableViewCell.swift */ = {isa = PBXFileReference; lastKnownFileType = sourcecode.swift; path = RegistroTableViewCell.swift; sourceTree = "<group>"; };
		1384A80B278BC1670050DB64 /* RegistroFormViewController.swift */ = {isa = PBXFileReference; lastKnownFileType = sourcecode.swift; path = RegistroFormViewController.swift; sourceTree = "<group>"; };
		1384A810278BC90B0050DB64 /* ajudacidadao.xcdatamodel */ = {isa = PBXFileReference; lastKnownFileType = wrapper.xcdatamodel; path = ajudacidadao.xcdatamodel; sourceTree = "<group>"; };
		1384A81A278BD7F60050DB64 /* UIViewController+Context.swift */ = {isa = PBXFileReference; lastKnownFileType = sourcecode.swift; path = "UIViewController+Context.swift"; sourceTree = "<group>"; };
/* End PBXFileReference section */

/* Begin PBXFrameworksBuildPhase section */
		135EEE3D278A6C5700F4BDAD /* Frameworks */ = {
			isa = PBXFrameworksBuildPhase;
			buildActionMask = 2147483647;
			files = (
			);
			runOnlyForDeploymentPostprocessing = 0;
		};
/* End PBXFrameworksBuildPhase section */

/* Begin PBXGroup section */
		135EEE37278A6C5700F4BDAD = {
			isa = PBXGroup;
			children = (
				135EEE42278A6C5700F4BDAD /* ajudacidadao */,
				135EEE41278A6C5700F4BDAD /* Products */,
			);
			sourceTree = "<group>";
		};
		135EEE41278A6C5700F4BDAD /* Products */ = {
			isa = PBXGroup;
			children = (
				135EEE40278A6C5700F4BDAD /* ajudacidadao.app */,
			);
			name = Products;
			sourceTree = "<group>";
		};
		135EEE42278A6C5700F4BDAD /* ajudacidadao */ = {
			isa = PBXGroup;
			children = (
				135EEE43278A6C5700F4BDAD /* AppDelegate.swift */,
				1384A80F278BC90B0050DB64 /* ajudacidadao.xcdatamodeld */,
				135EEE51278A6C5900F4BDAD /* Info.plist */,
				135EEE47278A6C5700F4BDAD /* RegistroViewController.swift */,
				1384A802278B5C3C0050DB64 /* RegistrosTableViewController.swift */,
				1384A806278B81330050DB64 /* RegistroTableViewCell.swift */,
				1384A80B278BC1670050DB64 /* RegistroFormViewController.swift */,
				135EEE45278A6C5700F4BDAD /* SceneDelegate.swift */,
				135EEE49278A6C5700F4BDAD /* Main.storyboard */,
				135EEE4C278A6C5900F4BDAD /* Assets.xcassets */,
				135EEE4E278A6C5900F4BDAD /* LaunchScreen.storyboard */,
				135EEE58278A8A4700F4BDAD /* Files */,
				1384A81A278BD7F60050DB64 /* UIViewController+Context.swift */,
			);
			path = ajudacidadao;
			sourceTree = "<group>";
		};
		135EEE58278A8A4700F4BDAD /* Files */ = {
			isa = PBXGroup;
			children = (
				135EEE59278A8BD800F4BDAD /* movies.json */,
			);
			path = Files;
			sourceTree = "<group>";
		};
/* End PBXGroup section */

/* Begin PBXNativeTarget section */
		135EEE3F278A6C5700F4BDAD /* ajudacidadao */ = {
			isa = PBXNativeTarget;
			buildConfigurationList = 135EEE54278A6C5900F4BDAD /* Build configuration list for PBXNativeTarget "ajudacidadao" */;
			buildPhases = (
				135EEE3C278A6C5700F4BDAD /* Sources */,
				135EEE3D278A6C5700F4BDAD /* Frameworks */,
				135EEE3E278A6C5700F4BDAD /* Resources */,
			);
			buildRules = (
			);
			dependencies = (
			);
			name = ajudacidadao;
			productName = ajudacidadao;
			productReference = 135EEE40278A6C5700F4BDAD /* ajudacidadao.app */;
			productType = "com.apple.product-type.application";
		};
/* End PBXNativeTarget section */

/* Begin PBXProject section */
		135EEE38278A6C5700F4BDAD /* Project object */ = {
			isa = PBXProject;
			attributes = {
				LastSwiftUpdateCheck = 1240;
				LastUpgradeCheck = 1240;
				TargetAttributes = {
					135EEE3F278A6C5700F4BDAD = {
						CreatedOnToolsVersion = 12.4;
					};
				};
			};
			buildConfigurationList = 135EEE3B278A6C5700F4BDAD /* Build configuration list for PBXProject "ajudacidadao" */;
			compatibilityVersion = "Xcode 9.3";
			developmentRegion = en;
			hasScannedForEncodings = 0;
			knownRegions = (
				en,
				Base,
			);
			mainGroup = 135EEE37278A6C5700F4BDAD;
			productRefGroup = 135EEE41278A6C5700F4BDAD /* Products */;
			projectDirPath = "";
			projectRoot = "";
			targets = (
				135EEE3F278A6C5700F4BDAD /* ajudacidadao */,
			);
		};
/* End PBXProject section */

/* Begin PBXResourcesBuildPhase section */
		135EEE3E278A6C5700F4BDAD /* Resources */ = {
			isa = PBXResourcesBuildPhase;
			buildActionMask = 2147483647;
			files = (
				135EEE50278A6C5900F4BDAD /* LaunchScreen.storyboard in Resources */,
				135EEE4D278A6C5900F4BDAD /* Assets.xcassets in Resources */,
				135EEE5A278A8BD800F4BDAD /* movies.json in Resources */,
				135EEE4B278A6C5700F4BDAD /* Main.storyboard in Resources */,
			);
			runOnlyForDeploymentPostprocessing = 0;
		};
/* End PBXResourcesBuildPhase section */

/* Begin PBXSourcesBuildPhase section */
		135EEE3C278A6C5700F4BDAD /* Sources */ = {
			isa = PBXSourcesBuildPhase;
			buildActionMask = 2147483647;
			files = (
				135EEE48278A6C5700F4BDAD /* RegistroViewController.swift in Sources */,
				135EEE44278A6C5700F4BDAD /* AppDelegate.swift in Sources */,
				1384A807278B81330050DB64 /* RegistroTableViewCell.swift in Sources */,
				1384A811278BC90B0050DB64 /* ajudacidadao.xcdatamodeld in Sources */,
				1384A80C278BC1670050DB64 /* RegistroFormViewController.swift in Sources */,
				1384A803278B5C3C0050DB64 /* RegistrosTableViewController.swift in Sources */,
				1384A81B278BD7F60050DB64 /* UIViewController+Context.swift in Sources */,
				135EEE46278A6C5700F4BDAD /* SceneDelegate.swift in Sources */,
			);
			runOnlyForDeploymentPostprocessing = 0;
		};
/* End PBXSourcesBuildPhase section */

/* Begin PBXVariantGroup section */
		135EEE49278A6C5700F4BDAD /* Main.storyboard */ = {
			isa = PBXVariantGroup;
			children = (
				135EEE4A278A6C5700F4BDAD /* Base */,
			);
			name = Main.storyboard;
			sourceTree = "<group>";
		};
		135EEE4E278A6C5900F4BDAD /* LaunchScreen.storyboard */ = {
			isa = PBXVariantGroup;
			children = (
				135EEE4F278A6C5900F4BDAD /* Base */,
			);
			name = LaunchScreen.storyboard;
			sourceTree = "<group>";
		};
/* End PBXVariantGroup section */

/* Begin XCBuildConfiguration section */
		135EEE52278A6C5900F4BDAD /* Debug */ = {
			isa = XCBuildConfiguration;
			buildSettings = {
				ALWAYS_SEARCH_USER_PATHS = NO;
				CLANG_ANALYZER_NONNULL = YES;
				CLANG_ANALYZER_NUMBER_OBJECT_CONVERSION = YES_AGGRESSIVE;
				CLANG_CXX_LANGUAGE_STANDARD = "gnu++14";
				CLANG_CXX_LIBRARY = "libc++";
				CLANG_ENABLE_MODULES = YES;
				CLANG_ENABLE_OBJC_ARC = YES;
				CLANG_ENABLE_OBJC_WEAK = YES;
				CLANG_WARN_BLOCK_CAPTURE_AUTORELEASING = YES;
				CLANG_WARN_BOOL_CONVERSION = YES;
				CLANG_WARN_COMMA = YES;
				CLANG_WARN_CONSTANT_CONVERSION = YES;
				CLANG_WARN_DEPRECATED_OBJC_IMPLEMENTATIONS = YES;
				CLANG_WARN_DIRECT_OBJC_ISA_USAGE = YES_ERROR;
				CLANG_WARN_DOCUMENTATION_COMMENTS = YES;
				CLANG_WARN_EMPTY_BODY = YES;
				CLANG_WARN_ENUM_CONVERSION = YES;
				CLANG_WARN_INFINITE_RECURSION = YES;
				CLANG_WARN_INT_CONVERSION = YES;
				CLANG_WARN_NON_LITERAL_NULL_CONVERSION = YES;
				CLANG_WARN_OBJC_IMPLICIT_RETAIN_SELF = YES;
				CLANG_WARN_OBJC_LITERAL_CONVERSION = YES;
				CLANG_WARN_OBJC_ROOT_CLASS = YES_ERROR;
				CLANG_WARN_QUOTED_INCLUDE_IN_FRAMEWORK_HEADER = YES;
				CLANG_WARN_RANGE_LOOP_ANALYSIS = YES;
				CLANG_WARN_STRICT_PROTOTYPES = YES;
				CLANG_WARN_SUSPICIOUS_MOVE = YES;
				CLANG_WARN_UNGUARDED_AVAILABILITY = YES_AGGRESSIVE;
				CLANG_WARN_UNREACHABLE_CODE = YES;
				CLANG_WARN__DUPLICATE_METHOD_MATCH = YES;
				COPY_PHASE_STRIP = NO;
				DEBUG_INFORMATION_FORMAT = dwarf;
				ENABLE_STRICT_OBJC_MSGSEND = YES;
				ENABLE_TESTABILITY = YES;
				GCC_C_LANGUAGE_STANDARD = gnu11;
				GCC_DYNAMIC_NO_PIC = NO;
				GCC_NO_COMMON_BLOCKS = YES;
				GCC_OPTIMIZATION_LEVEL = 0;
				GCC_PREPROCESSOR_DEFINITIONS = (
					"DEBUG=1",
					"$(inherited)",
				);
				GCC_WARN_64_TO_32_BIT_CONVERSION = YES;
				GCC_WARN_ABOUT_RETURN_TYPE = YES_ERROR;
				GCC_WARN_UNDECLARED_SELECTOR = YES;
				GCC_WARN_UNINITIALIZED_AUTOS = YES_AGGRESSIVE;
				GCC_WARN_UNUSED_FUNCTION = YES;
				GCC_WARN_UNUSED_VARIABLE = YES;
				IPHONEOS_DEPLOYMENT_TARGET = 14.4;
				MTL_ENABLE_DEBUG_INFO = INCLUDE_SOURCE;
				MTL_FAST_MATH = YES;
				ONLY_ACTIVE_ARCH = YES;
				SDKROOT = iphoneos;
				SWIFT_ACTIVE_COMPILATION_CONDITIONS = DEBUG;
				SWIFT_OPTIMIZATION_LEVEL = "-Onone";
			};
			name = Debug;
		};
		135EEE53278A6C5900F4BDAD /* Release */ = {
			isa = XCBuildConfiguration;
			buildSettings = {
				ALWAYS_SEARCH_USER_PATHS = NO;
				CLANG_ANALYZER_NONNULL = YES;
				CLANG_ANALYZER_NUMBER_OBJECT_CONVERSION = YES_AGGRESSIVE;
				CLANG_CXX_LANGUAGE_STANDARD = "gnu++14";
				CLANG_CXX_LIBRARY = "libc++";
				CLANG_ENABLE_MODULES = YES;
				CLANG_ENABLE_OBJC_ARC = YES;
				CLANG_ENABLE_OBJC_WEAK = YES;
				CLANG_WARN_BLOCK_CAPTURE_AUTORELEASING = YES;
				CLANG_WARN_BOOL_CONVERSION = YES;
				CLANG_WARN_COMMA = YES;
				CLANG_WARN_CONSTANT_CONVERSION = YES;
				CLANG_WARN_DEPRECATED_OBJC_IMPLEMENTATIONS = YES;
				CLANG_WARN_DIRECT_OBJC_ISA_USAGE = YES_ERROR;
				CLANG_WARN_DOCUMENTATION_COMMENTS = YES;
				CLANG_WARN_EMPTY_BODY = YES;
				CLANG_WARN_ENUM_CONVERSION = YES;
				CLANG_WARN_INFINITE_RECURSION = YES;
				CLANG_WARN_INT_CONVERSION = YES;
				CLANG_WARN_NON_LITERAL_NULL_CONVERSION = YES;
				CLANG_WARN_OBJC_IMPLICIT_RETAIN_SELF = YES;
				CLANG_WARN_OBJC_LITERAL_CONVERSION = YES;
				CLANG_WARN_OBJC_ROOT_CLASS = YES_ERROR;
				CLANG_WARN_QUOTED_INCLUDE_IN_FRAMEWORK_HEADER = YES;
				CLANG_WARN_RANGE_LOOP_ANALYSIS = YES;
				CLANG_WARN_STRICT_PROTOTYPES = YES;
				CLANG_WARN_SUSPICIOUS_MOVE = YES;
				CLANG_WARN_UNGUARDED_AVAILABILITY = YES_AGGRESSIVE;
				CLANG_WARN_UNREACHABLE_CODE = YES;
				CLANG_WARN__DUPLICATE_METHOD_MATCH = YES;
				COPY_PHASE_STRIP = NO;
				DEBUG_INFORMATION_FORMAT = "dwarf-with-dsym";
				ENABLE_NS_ASSERTIONS = NO;
				ENABLE_STRICT_OBJC_MSGSEND = YES;
				GCC_C_LANGUAGE_STANDARD = gnu11;
				GCC_NO_COMMON_BLOCKS = YES;
				GCC_WARN_64_TO_32_BIT_CONVERSION = YES;
				GCC_WARN_ABOUT_RETURN_TYPE = YES_ERROR;
				GCC_WARN_UNDECLARED_SELECTOR = YES;
				GCC_WARN_UNINITIALIZED_AUTOS = YES_AGGRESSIVE;
				GCC_WARN_UNUSED_FUNCTION = YES;
				GCC_WARN_UNUSED_VARIABLE = YES;
				IPHONEOS_DEPLOYMENT_TARGET = 14.4;
				MTL_ENABLE_DEBUG_INFO = NO;
				MTL_FAST_MATH = YES;
				SDKROOT = iphoneos;
				SWIFT_COMPILATION_MODE = wholemodule;
				SWIFT_OPTIMIZATION_LEVEL = "-O";
				VALIDATE_PRODUCT = YES;
			};
			name = Release;
		};
		135EEE55278A6C5900F4BDAD /* Debug */ = {
			isa = XCBuildConfiguration;
			buildSettings = {
				ASSETCATALOG_COMPILER_APPICON_NAME = AppIcon;
				ASSETCATALOG_COMPILER_GLOBAL_ACCENT_COLOR_NAME = AccentColor;
				CODE_SIGN_STYLE = Automatic;
				INFOPLIST_FILE = ajudacidadao/Info.plist;
				LD_RUNPATH_SEARCH_PATHS = (
					"$(inherited)",
					"@executable_path/Frameworks",
				);
				PRODUCT_BUNDLE_IDENTIFIER = br.edu.unyleya.ajudacidadao;
				PRODUCT_NAME = "$(TARGET_NAME)";
				SWIFT_VERSION = 5.0;
				TARGETED_DEVICE_FAMILY = "1,2";
			};
			name = Debug;
		};
		135EEE56278A6C5900F4BDAD /* Release */ = {
			isa = XCBuildConfiguration;
			buildSettings = {
				ASSETCATALOG_COMPILER_APPICON_NAME = AppIcon;
				ASSETCATALOG_COMPILER_GLOBAL_ACCENT_COLOR_NAME = AccentColor;
				CODE_SIGN_STYLE = Automatic;
				INFOPLIST_FILE = ajudacidadao/Info.plist;
				LD_RUNPATH_SEARCH_PATHS = (
					"$(inherited)",
					"@executable_path/Frameworks",
				);
				PRODUCT_BUNDLE_IDENTIFIER = br.edu.unyleya.ajudacidadao;
				PRODUCT_NAME = "$(TARGET_NAME)";
				SWIFT_VERSION = 5.0;
				TARGETED_DEVICE_FAMILY = "1,2";
			};
			name = Release;
		};
/* End XCBuildConfiguration section */

/* Begin XCConfigurationList section */
		135EEE3B278A6C5700F4BDAD /* Build configuration list for PBXProject "ajudacidadao" */ = {
			isa = XCConfigurationList;
			buildConfigurations = (
				135EEE52278A6C5900F4BDAD /* Debug */,
				135EEE53278A6C5900F4BDAD /* Release */,
			);
			defaultConfigurationIsVisible = 0;
			defaultConfigurationName = Release;
		};
		135EEE54278A6C5900F4BDAD /* Build configuration list for PBXNativeTarget "ajudacidadao" */ = {
			isa = XCConfigurationList;
			buildConfigurations = (
				135EEE55278A6C5900F4BDAD /* Debug */,
				135EEE56278A6C5900F4BDAD /* Release */,
			);
			defaultConfigurationIsVisible = 0;
			defaultConfigurationName = Release;
		};
/* End XCConfigurationList section */

/* Begin XCVersionGroup section */
		1384A80F278BC90B0050DB64 /* ajudacidadao.xcdatamodeld */ = {
			isa = XCVersionGroup;
			children = (
				1384A810278BC90B0050DB64 /* ajudacidadao.xcdatamodel */,
			);
			currentVersion = 1384A810278BC90B0050DB64 /* ajudacidadao.xcdatamodel */;
			path = ajudacidadao.xcdatamodeld;
			sourceTree = "<group>";
			versionGroupType = wrapper.xcdatamodel;
		};
/* End XCVersionGroup section */
	};
	rootObject = 135EEE38278A6C5700F4BDAD /* Project object */;
}
